
Microsoft Visual Studio Solution File, Format Version 12.00
# Visual Studio Version 17
VisualStudioVersion = 17.14.36623.8 d17.14
MinimumVisualStudioVersion = 10.0.40219.1
Project("{FAE04EC0-301F-11D3-BF4B-00C04F79EFBC}") = "StringTestApp", "StringTestApp.csproj", "{DDC3DCC0-314C-4B45-8367-A171B72D0E1D}"
EndProject
Global
	GlobalSection(SolutionConfigurationPlatforms) = preSolution
		Debug|Any CPU = Debug|Any CPU
		Release|Any CPU = Release|Any CPU
	EndGlobalSection
	GlobalSection(ProjectConfigurationPlatforms) = postSolution
		{DDC3DCC0-314C-4B45-8367-A171B72D0E1D}.Debug|Any CPU.ActiveCfg = Debug|Any CPU
		{DDC3DCC0-314C-4B45-8367-A171B72D0E1D}.Debug|Any CPU.Build.0 = Debug|Any CPU
		{DDC3DCC0-314C-4B45-8367-A171B72D0E1D}.Release|Any CPU.ActiveCfg = Release|Any CPU
		{DDC3DCC0-314C-4B45-8367-A171B72D0E1D}.Release|Any CPU.Build.0 = Release|Any CPU
	EndGlobalSection
	GlobalSection(SolutionProperties) = preSolution
		HideSolutionNode = FALSE
	EndGlobalSection
	GlobalSection(ExtensibilityGlobals) = postSolution
		SolutionGuid = {5FE55383-4ADD-4B4A-BCA2-FBFCCC3AF241}
	EndGlobalSection
EndGlobal
